{
  "name": "teachaid",
  "version": "1.0.0",
  "lockfileVersion": 3,
  "requires": true,
  "packages": {
    "": {
      "name": "teachaid",
      "version": "1.0.0",
      "dependencies": {
        "slid-phi": "^2.1.1"
      },
      "engines": {
        "node": ">=18"
      }
    },
    "node_modules/slid-phi": {
      "version": "2.1.1",
      "resolved": "https://registry.npmjs.org/slid-phi/-/slid-phi-2.1.1.tgz",
      "integrity": "sha512-kG+XXBDlKP/hMNt/GQQnoJTIJ9TRVz/v+SpauzIYtPHbeg8oBmoDzThAWMwKlr3rCsmsJZ4emSvVXmN/hDi68g==",
      "dependencies": {
        "slid-phi": "^2.1.0"
      },
      "engines": {
        "node": ">=18"
      }
    }
  }
}
